
Microsoft Visual Studio Solution File, Format Version 12.00
# Visual Studio Version 16
VisualStudioVersion = 16.0.32630.194
MinimumVisualStudioVersion = 10.0.40219.1
Project("{9A19103F-16F7-4668-BE54-9A1E7A4F7556}") = "WallPlant", "WallPlant.csproj", "{F36F52EA-D7DE-48B1-B1CD-56C45204E569}"
EndProject
Global
	GlobalSection(SolutionConfigurationPlatforms) = preSolution
		Debug|Any CPU = Debug|Any CPU
		Release|Any CPU = Release|Any CPU
	EndGlobalSection
	GlobalSection(ProjectConfigurationPlatforms) = postSolution
		{F36F52EA-D7DE-48B1-B1CD-56C45204E569}.Debug|Any CPU.ActiveCfg = Debug|Any CPU
		{F36F52EA-D7DE-48B1-B1CD-56C45204E569}.Debug|Any CPU.Build.0 = Debug|Any CPU
		{F36F52EA-D7DE-48B1-B1CD-56C45204E569}.Release|Any CPU.ActiveCfg = Release|Any CPU
		{F36F52EA-D7DE-48B1-B1CD-56C45204E569}.Release|Any CPU.Build.0 = Release|Any CPU
	EndGlobalSection
	GlobalSection(SolutionProperties) = preSolution
		HideSolutionNode = FALSE
	EndGlobalSection
	GlobalSection(ExtensibilityGlobals) = postSolution
		SolutionGuid = {3494B471-8769-4CBD-ABB5-D3A45E9DBCF9}
	EndGlobalSection
EndGlobal
